
Microsoft Visual Studio Solution File, Format Version 12.00
# Visual Studio Version 17
VisualStudioVersion = 17.0.31903.59
MinimumVisualStudioVersion = 10.0.40219.1
Project("{2150E333-8FDC-42A3-9474-1A3956D46DE8}") = "src", "src", "{CE735C79-5A47-423D-8F96-5A226361AF06}"
EndProject
Project("{9A19103F-16F7-4668-BE54-9A1E7A4F7556}") = "BookYourVisit.Api", "src\BookYourVisit.Api\BookYourVisit.Api.csproj", "{63F1FAAF-78B6-4A2A-9569-BE03B611DCDF}"
EndProject
Project("{9A19103F-16F7-4668-BE54-9A1E7A4F7556}") = "BookYourVisit.Application", "src\BookYourVisit.Application\BookYourVisit.Application.csproj", "{127E7A54-0F86-4871-AFCE-412A86109776}"
EndProject
Project("{9A19103F-16F7-4668-BE54-9A1E7A4F7556}") = "BookYourVisit.Contracts", "src\BookYourVisit.Contracts\BookYourVisit.Contracts.csproj", "{0AAAF089-B4FC-4530-AD1A-0D670A07984F}"
EndProject
Project("{9A19103F-16F7-4668-BE54-9A1E7A4F7556}") = "BookYourVisit.Domain", "src\BookYourVisit.Domain\BookYourVisit.Domain.csproj", "{112780F2-1F02-4706-9627-213719084B36}"
EndProject
Project("{9A19103F-16F7-4668-BE54-9A1E7A4F7556}") = "BookYourVisit.Infrastructure", "src\BookYourVisit.Infrastructure\BookYourVisit.Infrastructure.csproj", "{E6C79BB0-21AB-4AA6-B1D0-108BF5834AB7}"
EndProject
Project("{2150E333-8FDC-42A3-9474-1A3956D46DE8}") = "test", "test", "{9C2E3DC6-67CF-4EE6-AB8A-4E27BAEACA5F}"
EndProject
Project("{FAE04EC0-301F-11D3-BF4B-00C04F79EFBC}") = "BookYourVisitTests", "BookYourVisitTests\BookYourVisitTests.csproj", "{B8D8A5C1-4FED-41EB-85BC-E778BFB22C0B}"
EndProject
Global
	GlobalSection(SolutionConfigurationPlatforms) = preSolution
		Debug|Any CPU = Debug|Any CPU
		Release|Any CPU = Release|Any CPU
	EndGlobalSection
	GlobalSection(ProjectConfigurationPlatforms) = postSolution
		{63F1FAAF-78B6-4A2A-9569-BE03B611DCDF}.Debug|Any CPU.ActiveCfg = Debug|Any CPU
		{63F1FAAF-78B6-4A2A-9569-BE03B611DCDF}.Debug|Any CPU.Build.0 = Debug|Any CPU
		{63F1FAAF-78B6-4A2A-9569-BE03B611DCDF}.Release|Any CPU.ActiveCfg = Release|Any CPU
		{63F1FAAF-78B6-4A2A-9569-BE03B611DCDF}.Release|Any CPU.Build.0 = Release|Any CPU
		{127E7A54-0F86-4871-AFCE-412A86109776}.Debug|Any CPU.ActiveCfg = Debug|Any CPU
		{127E7A54-0F86-4871-AFCE-412A86109776}.Debug|Any CPU.Build.0 = Debug|Any CPU
		{127E7A54-0F86-4871-AFCE-412A86109776}.Release|Any CPU.ActiveCfg = Release|Any CPU
		{127E7A54-0F86-4871-AFCE-412A86109776}.Release|Any CPU.Build.0 = Release|Any CPU
		{0AAAF089-B4FC-4530-AD1A-0D670A07984F}.Debug|Any CPU.ActiveCfg = Debug|Any CPU
		{0AAAF089-B4FC-4530-AD1A-0D670A07984F}.Debug|Any CPU.Build.0 = Debug|Any CPU
		{0AAAF089-B4FC-4530-AD1A-0D670A07984F}.Release|Any CPU.ActiveCfg = Release|Any CPU
		{0AAAF089-B4FC-4530-AD1A-0D670A07984F}.Release|Any CPU.Build.0 = Release|Any CPU
		{112780F2-1F02-4706-9627-213719084B36}.Debug|Any CPU.ActiveCfg = Debug|Any CPU
		{112780F2-1F02-4706-9627-213719084B36}.Debug|Any CPU.Build.0 = Debug|Any CPU
		{112780F2-1F02-4706-9627-213719084B36}.Release|Any CPU.ActiveCfg = Release|Any CPU
		{112780F2-1F02-4706-9627-213719084B36}.Release|Any CPU.Build.0 = Release|Any CPU
		{E6C79BB0-21AB-4AA6-B1D0-108BF5834AB7}.Debug|Any CPU.ActiveCfg = Debug|Any CPU
		{E6C79BB0-21AB-4AA6-B1D0-108BF5834AB7}.Debug|Any CPU.Build.0 = Debug|Any CPU
		{E6C79BB0-21AB-4AA6-B1D0-108BF5834AB7}.Release|Any CPU.ActiveCfg = Release|Any CPU
		{E6C79BB0-21AB-4AA6-B1D0-108BF5834AB7}.Release|Any CPU.Build.0 = Release|Any CPU
		{B8D8A5C1-4FED-41EB-85BC-E778BFB22C0B}.Debug|Any CPU.ActiveCfg = Debug|Any CPU
		{B8D8A5C1-4FED-41EB-85BC-E778BFB22C0B}.Debug|Any CPU.Build.0 = Debug|Any CPU
		{B8D8A5C1-4FED-41EB-85BC-E778BFB22C0B}.Release|Any CPU.ActiveCfg = Release|Any CPU
		{B8D8A5C1-4FED-41EB-85BC-E778BFB22C0B}.Release|Any CPU.Build.0 = Release|Any CPU
	EndGlobalSection
	GlobalSection(SolutionProperties) = preSolution
		HideSolutionNode = FALSE
	EndGlobalSection
	GlobalSection(NestedProjects) = preSolution
		{63F1FAAF-78B6-4A2A-9569-BE03B611DCDF} = {CE735C79-5A47-423D-8F96-5A226361AF06}
		{127E7A54-0F86-4871-AFCE-412A86109776} = {CE735C79-5A47-423D-8F96-5A226361AF06}
		{0AAAF089-B4FC-4530-AD1A-0D670A07984F} = {CE735C79-5A47-423D-8F96-5A226361AF06}
		{112780F2-1F02-4706-9627-213719084B36} = {CE735C79-5A47-423D-8F96-5A226361AF06}
		{E6C79BB0-21AB-4AA6-B1D0-108BF5834AB7} = {CE735C79-5A47-423D-8F96-5A226361AF06}
		{B8D8A5C1-4FED-41EB-85BC-E778BFB22C0B} = {9C2E3DC6-67CF-4EE6-AB8A-4E27BAEACA5F}
	EndGlobalSection
	GlobalSection(ExtensibilityGlobals) = postSolution
		SolutionGuid = {83004752-EF97-4E55-ABFA-678D42964337}
	EndGlobalSection
EndGlobal
